github.com/bvinc/go-sqlite-lite v0.6.1 h1:JU8Rz5YAOZQiU3WEulKF084wfXpytRiqD2IaW2QjPz4=
github.com/bvinc/go-sqlite-lite v0.6.1/go.mod h1:2GiE60NUdb0aNhDdY+LXgrqAVDpi2Ijc6dB6ZMp9x6s=
github.com/gorilla/securecookie v1.1.1 h1:miw7JPhV+b/lAHSXz4qd/nN9jRiAFV5FwjeKyCS8BvQ=
github.com/gorilla/securecookie v1.1.1/go.mod h1:ra0sb63/xPlUeL+yeDciTfxMRAA+MP+HVt/4epWDjd4=
github.com/gorilla/sessions v1.2.0 h1:S7P+1Hm5V/AT9cjEcUD5uDaQSX0OE577aCXgoaKpYbQ=
github.com/gorilla/sessions v1.2.0/go.mod h1:dk2InVEVJ0sfLlnXv9EAgkf6ecYs/i80K/zI+bUmuGM=
github.com/mattn/go-sqlite3 v2.0.2+incompatible h1:qzw9c2GNT8UFrgWNDhCTqRqYUSmu/Dav/9Z58LGpk7U=
github.com/mattn/go-sqlite3 v2.0.2+incompatible/go.mod h1:FPy6KqzDD04eiIsT53CuJW3U88zkxoIYsOqkbpncsNc=
github.com/phf/go-db v0.0.0-20131126013550-1985904afd0d h1:crn0Bg63hUon1WT1NkJqzbD6kRxGdcoBe0SMrKPWg0Y=
github.com/phf/go-db v0.0.0-20131126013550-1985904afd0d/go.mod h1:ebl2nGGCS424HCUCJdiV3v97vnbxmu1pWWvqFRLmhRw=
